{
	"name": "next-api-simple-handler",
	"version": "0.2.11",
	"lockfileVersion": 2,
	"requires": true,
	"packages": {
		"": {
			"name": "next-api-simple-handler",
			"version": "0.2.11",
			"license": "ISC",
			"dependencies": {
				"save-dev": "^0.0.1-security"
			},
			"devDependencies": {
				"typescript": "^4.3.5"
			}
		},
		"node_modules/save-dev": {
			"version": "0.0.1-security",
			"resolved": "https://registry.npmjs.org/save-dev/-/save-dev-0.0.1-security.tgz",
			"integrity": "sha512-k6knZTDNK8PKKbIqnvxiOveJinuw2LcQjqDoaorZWP9M5AR2EPsnpDeSbeoZZ0pHr5ze1uoaKdK8NBGQrJ34Uw=="
		},
		"node_modules/typescript": {
			"version": "4.3.5",
			"resolved": "https://registry.npmjs.org/typescript/-/typescript-4.3.5.tgz",
			"integrity": "sha512-DqQgihaQ9cUrskJo9kIyW/+g0Vxsk8cDtZ52a3NGh0YNTfpUSArXSohyUGnvbPazEPLu398C0UxmKSOrPumUzA==",
			"dev": true,
			"bin": {
				"tsc": "bin/tsc",
				"tsserver": "bin/tsserver"
			},
			"engines": {
				"node": ">=4.2.0"
			}
		}
	},
	"dependencies": {
		"save-dev": {
			"version": "0.0.1-security",
			"resolved": "https://registry.npmjs.org/save-dev/-/save-dev-0.0.1-security.tgz",
			"integrity": "sha512-k6knZTDNK8PKKbIqnvxiOveJinuw2LcQjqDoaorZWP9M5AR2EPsnpDeSbeoZZ0pHr5ze1uoaKdK8NBGQrJ34Uw=="
		},
		"typescript": {
			"version": "4.3.5",
			"resolved": "https://registry.npmjs.org/typescript/-/typescript-4.3.5.tgz",
			"integrity": "sha512-DqQgihaQ9cUrskJo9kIyW/+g0Vxsk8cDtZ52a3NGh0YNTfpUSArXSohyUGnvbPazEPLu398C0UxmKSOrPumUzA==",
			"dev": true
		}
	}
}
